
Microsoft Visual Studio Solution File, Format Version 12.00
# Visual Studio 2015
Project("{FAE04EC0-301F-11D3-BF4B-00C04F79EFBC}") = "DeepDarkDream.CSharp.Plugins", "DeepDarkDream.CSharp.Plugins.csproj", "{80F41741-62D4-0679-F7FB-813225434E72}"
EndProject
Project("{FAE04EC0-301F-11D3-BF4B-00C04F79EFBC}") = "DeepDarkDream.CSharp", "DeepDarkDream.CSharp.csproj", "{63A2FE46-1094-D95D-6AFB-564AE3353293}"
EndProject
Project("{FAE04EC0-301F-11D3-BF4B-00C04F79EFBC}") = "DeepDarkDream.CSharp.Editor", "DeepDarkDream.CSharp.Editor.csproj", "{7D8146CC-437A-3C39-0197-DB8D1B1DBF84}"
EndProject
Global
	GlobalSection(SolutionConfigurationPlatforms) = preSolution
		Debug|Any CPU = Debug|Any CPU
		Release|Any CPU = Release|Any CPU
	EndGlobalSection
	GlobalSection(ProjectConfigurationPlatforms) = postSolution
		{80F41741-62D4-0679-F7FB-813225434E72}.Debug|Any CPU.ActiveCfg = Debug|Any CPU
		{80F41741-62D4-0679-F7FB-813225434E72}.Debug|Any CPU.Build.0 = Debug|Any CPU
		{80F41741-62D4-0679-F7FB-813225434E72}.Release|Any CPU.ActiveCfg = Release|Any CPU
		{80F41741-62D4-0679-F7FB-813225434E72}.Release|Any CPU.Build.0 = Release|Any CPU
		{63A2FE46-1094-D95D-6AFB-564AE3353293}.Debug|Any CPU.ActiveCfg = Debug|Any CPU
		{63A2FE46-1094-D95D-6AFB-564AE3353293}.Debug|Any CPU.Build.0 = Debug|Any CPU
		{63A2FE46-1094-D95D-6AFB-564AE3353293}.Release|Any CPU.ActiveCfg = Release|Any CPU
		{63A2FE46-1094-D95D-6AFB-564AE3353293}.Release|Any CPU.Build.0 = Release|Any CPU
		{7D8146CC-437A-3C39-0197-DB8D1B1DBF84}.Debug|Any CPU.ActiveCfg = Debug|Any CPU
		{7D8146CC-437A-3C39-0197-DB8D1B1DBF84}.Debug|Any CPU.Build.0 = Debug|Any CPU
		{7D8146CC-437A-3C39-0197-DB8D1B1DBF84}.Release|Any CPU.ActiveCfg = Release|Any CPU
		{7D8146CC-437A-3C39-0197-DB8D1B1DBF84}.Release|Any CPU.Build.0 = Release|Any CPU
	EndGlobalSection
	GlobalSection(SolutionProperties) = preSolution
		HideSolutionNode = FALSE
	EndGlobalSection
EndGlobal
